
Microsoft Visual Studio Solution File, Format Version 12.00
Project("{FAE04EC0-301F-11D3-BF4B-00C04F79EFBC}") = "CosmeticsStore", "CosmeticsStore.csproj", "{CAB835A8-221C-46D0-BE7D-8E0C8F13D994}"
EndProject
Global
	GlobalSection(SolutionConfigurationPlatforms) = preSolution
		Debug|Any CPU = Debug|Any CPU
		Release|Any CPU = Release|Any CPU
	EndGlobalSection
	GlobalSection(ProjectConfigurationPlatforms) = postSolution
		{CAB835A8-221C-46D0-BE7D-8E0C8F13D994}.Debug|Any CPU.ActiveCfg = Debug|Any CPU
		{CAB835A8-221C-46D0-BE7D-8E0C8F13D994}.Debug|Any CPU.Build.0 = Debug|Any CPU
		{CAB835A8-221C-46D0-BE7D-8E0C8F13D994}.Release|Any CPU.ActiveCfg = Release|Any CPU
		{CAB835A8-221C-46D0-BE7D-8E0C8F13D994}.Release|Any CPU.Build.0 = Release|Any CPU
	EndGlobalSection
EndGlobal
